// !$*UTF8*$!
{
	archiveVersion = 1;
	classes = {
	};
	objectVersion = 55;
	objects = {

/* Begin PBXBuildFile section */
		744EB2E62783D31200F58EE1 /* Tests_iOS.swift in Sources */ = {isa = PBXBuildFile; fileRef = 744EB2E52783D31200F58EE1 /* Tests_iOS.swift */; };
		744EB2E82783D31200F58EE1 /* Tests_iOSLaunchTests.swift in Sources */ = {isa = PBXBuildFile; fileRef = 744EB2E72783D31200F58EE1 /* Tests_iOSLaunchTests.swift */; };
		744EB2F22783D31200F58EE1 /* Tests_macOS.swift in Sources */ = {isa = PBXBuildFile; fileRef = 744EB2F12783D31200F58EE1 /* Tests_macOS.swift */; };
		744EB2F42783D31200F58EE1 /* Tests_macOSLaunchTests.swift in Sources */ = {isa = PBXBuildFile; fileRef = 744EB2F32783D31200F58EE1 /* Tests_macOSLaunchTests.swift */; };
		744EB2F52783D31200F58EE1 /* ios_hackernews_appApp.swift in Sources */ = {isa = PBXBuildFile; fileRef = 744EB2CD2783D31100F58EE1 /* ios_hackernews_appApp.swift */; };
		744EB2F62783D31200F58EE1 /* ios_hackernews_appApp.swift in Sources */ = {isa = PBXBuildFile; fileRef = 744EB2CD2783D31100F58EE1 /* ios_hackernews_appApp.swift */; };
		744EB2F72783D31200F58EE1 /* ContentView.swift in Sources */ = {isa = PBXBuildFile; fileRef = 744EB2CE2783D31100F58EE1 /* ContentView.swift */; };
		744EB2F82783D31200F58EE1 /* ContentView.swift in Sources */ = {isa = PBXBuildFile; fileRef = 744EB2CE2783D31100F58EE1 /* ContentView.swift */; };
		744EB2F92783D31200F58EE1 /* Assets.xcassets in Resources */ = {isa = PBXBuildFile; fileRef = 744EB2CF2783D31200F58EE1 /* Assets.xcassets */; };
		744EB2FA2783D31200F58EE1 /* Assets.xcassets in Resources */ = {isa = PBXBuildFile; fileRef = 744EB2CF2783D31200F58EE1 /* Assets.xcassets */; };
		744EB30A2783D34600F58EE1 /* README.md in Resources */ = {isa = PBXBuildFile; fileRef = 744EB3092783D34600F58EE1 /* README.md */; };
		744EB30B2783D34600F58EE1 /* README.md in Resources */ = {isa = PBXBuildFile; fileRef = 744EB3092783D34600F58EE1 /* README.md */; };
		744EB30C2783D34600F58EE1 /* README.md in Resources */ = {isa = PBXBuildFile; fileRef = 744EB3092783D34600F58EE1 /* README.md */; };
		744EB30D2783D34600F58EE1 /* README.md in Resources */ = {isa = PBXBuildFile; fileRef = 744EB3092783D34600F58EE1 /* README.md */; };
		74D7755C2784E5DE0020006F /* NetworkManager.swift in Sources */ = {isa = PBXBuildFile; fileRef = 74D7755B2784E5DE0020006F /* NetworkManager.swift */; };
		74D7755D2784E5DE0020006F /* NetworkManager.swift in Sources */ = {isa = PBXBuildFile; fileRef = 74D7755B2784E5DE0020006F /* NetworkManager.swift */; };
		74D7755E2784E5DE0020006F /* NetworkManager.swift in Sources */ = {isa = PBXBuildFile; fileRef = 74D7755B2784E5DE0020006F /* NetworkManager.swift */; };
		74D7755F2784E5DE0020006F /* NetworkManager.swift in Sources */ = {isa = PBXBuildFile; fileRef = 74D7755B2784E5DE0020006F /* NetworkManager.swift */; };
		74D77561278536DD0020006F /* Results.swift in Sources */ = {isa = PBXBuildFile; fileRef = 74D77560278536DD0020006F /* Results.swift */; };
		74D77562278536DD0020006F /* Results.swift in Sources */ = {isa = PBXBuildFile; fileRef = 74D77560278536DD0020006F /* Results.swift */; };
		74D77563278536DD0020006F /* Results.swift in Sources */ = {isa = PBXBuildFile; fileRef = 74D77560278536DD0020006F /* Results.swift */; };
		74D77564278536DD0020006F /* Results.swift in Sources */ = {isa = PBXBuildFile; fileRef = 74D77560278536DD0020006F /* Results.swift */; };
		74D7757027853E390020006F /* ContentView.swift in Sources */ = {isa = PBXBuildFile; fileRef = 744EB2CE2783D31100F58EE1 /* ContentView.swift */; };
		74D7757127853E390020006F /* ContentView.swift in Sources */ = {isa = PBXBuildFile; fileRef = 744EB2CE2783D31100F58EE1 /* ContentView.swift */; };
		74D7757327853E6E0020006F /* DetailView.swift in Sources */ = {isa = PBXBuildFile; fileRef = 74D7757227853E6E0020006F /* DetailView.swift */; };
		74D7757427853E6E0020006F /* DetailView.swift in Sources */ = {isa = PBXBuildFile; fileRef = 74D7757227853E6E0020006F /* DetailView.swift */; };
		74D7757527853E6E0020006F /* DetailView.swift in Sources */ = {isa = PBXBuildFile; fileRef = 74D7757227853E6E0020006F /* DetailView.swift */; };
		74D7757627853E6E0020006F /* DetailView.swift in Sources */ = {isa = PBXBuildFile; fileRef = 74D7757227853E6E0020006F /* DetailView.swift */; };
/* End PBXBuildFile section */

/* Begin PBXContainerItemProxy section */
		744EB2E22783D31200F58EE1 /* PBXContainerItemProxy */ = {
			isa = PBXContainerItemProxy;
			containerPortal = 744EB2C82783D31100F58EE1 /* Project object */;
			proxyType = 1;
			remoteGlobalIDString = 744EB2D32783D31200F58EE1;
			remoteInfo = "ios-hackernews-app (iOS)";
		};
		744EB2EE2783D31200F58EE1 /* PBXContainerItemProxy */ = {
			isa = PBXContainerItemProxy;
			containerPortal = 744EB2C82783D31100F58EE1 /* Project object */;
			proxyType = 1;
			remoteGlobalIDString = 744EB2D92783D31200F58EE1;
			remoteInfo = "ios-hackernews-app (macOS)";
		};
/* End PBXContainerItemProxy section */

/* Begin PBXFileReference section */
		744EB2CD2783D31100F58EE1 /* ios_hackernews_appApp.swift */ = {isa = PBXFileReference; lastKnownFileType = sourcecode.swift; path = ios_hackernews_appApp.swift; sourceTree = "<group>"; };
		744EB2CE2783D31100F58EE1 /* ContentView.swift */ = {isa = PBXFileReference; lastKnownFileType = sourcecode.swift; path = ContentView.swift; sourceTree = "<group>"; };
		744EB2CF2783D31200F58EE1 /* Assets.xcassets */ = {isa = PBXFileReference; lastKnownFileType = folder.assetcatalog; path = Assets.xcassets; sourceTree = "<group>"; };
		744EB2D42783D31200F58EE1 /* ios-hackernews-app.app */ = {isa = PBXFileReference; explicitFileType = wrapper.application; includeInIndex = 0; path = "ios-hackernews-app.app"; sourceTree = BUILT_PRODUCTS_DIR; };
		744EB2DA2783D31200F58EE1 /* ios-hackernews-app.app */ = {isa = PBXFileReference; explicitFileType = wrapper.application; includeInIndex = 0; path = "ios-hackernews-app.app"; sourceTree = BUILT_PRODUCTS_DIR; };
		744EB2DC2783D31200F58EE1 /* macOS.entitlements */ = {isa = PBXFileReference; lastKnownFileType = text.plist.entitlements; path = macOS.entitlements; sourceTree = "<group>"; };
		744EB2E12783D31200F58EE1 /* Tests iOS.xctest */ = {isa = PBXFileReference; explicitFileType = wrapper.cfbundle; includeInIndex = 0; path = "Tests iOS.xctest"; sourceTree = BUILT_PRODUCTS_DIR; };
		744EB2E52783D31200F58EE1 /* Tests_iOS.swift */ = {isa = PBXFileReference; lastKnownFileType = sourcecode.swift; path = Tests_iOS.swift; sourceTree = "<group>"; };
		744EB2E72783D31200F58EE1 /* Tests_iOSLaunchTests.swift */ = {isa = PBXFileReference; lastKnownFileType = sourcecode.swift; path = Tests_iOSLaunchTests.swift; sourceTree = "<group>"; };
		744EB2ED2783D31200F58EE1 /* Tests macOS.xctest */ = {isa = PBXFileReference; explicitFileType = wrapper.cfbundle; includeInIndex = 0; path = "Tests macOS.xctest"; sourceTree = BUILT_PRODUCTS_DIR; };
		744EB2F12783D31200F58EE1 /* Tests_macOS.swift */ = {isa = PBXFileReference; lastKnownFileType = sourcecode.swift; path = Tests_macOS.swift; sourceTree = "<group>"; };
		744EB2F32783D31200F58EE1 /* Tests_macOSLaunchTests.swift */ = {isa = PBXFileReference; lastKnownFileType = sourcecode.swift; path = Tests_macOSLaunchTests.swift; sourceTree = "<group>"; };
		744EB3092783D34600F58EE1 /* README.md */ = {isa = PBXFileReference; fileEncoding = 4; lastKnownFileType = net.daringfireball.markdown; path = README.md; sourceTree = "<group>"; };
		74D7755B2784E5DE0020006F /* NetworkManager.swift */ = {isa = PBXFileReference; lastKnownFileType = sourcecode.swift; path = NetworkManager.swift; sourceTree = "<group>"; };
		74D77560278536DD0020006F /* Results.swift */ = {isa = PBXFileReference; lastKnownFileType = sourcecode.swift; path = Results.swift; sourceTree = "<group>"; };
		74D7757227853E6E0020006F /* DetailView.swift */ = {isa = PBXFileReference; lastKnownFileType = sourcecode.swift; path = DetailView.swift; sourceTree = "<group>"; };
/* End PBXFileReference section */

/* Begin PBXFrameworksBuildPhase section */
		744EB2D12783D31200F58EE1 /* Frameworks */ = {
			isa = PBXFrameworksBuildPhase;
			buildActionMask = 2147483647;
			files = (
			);
			runOnlyForDeploymentPostprocessing = 0;
		};
		744EB2D72783D31200F58EE1 /* Frameworks */ = {
			isa = PBXFrameworksBuildPhase;
			buildActionMask = 2147483647;
			files = (
			);
			runOnlyForDeploymentPostprocessing = 0;
		};
		744EB2DE2783D31200F58EE1 /* Frameworks */ = {
			isa = PBXFrameworksBuildPhase;
			buildActionMask = 2147483647;
			files = (
			);
			runOnlyForDeploymentPostprocessing = 0;
		};
		744EB2EA2783D31200F58EE1 /* Frameworks */ = {
			isa = PBXFrameworksBuildPhase;
			buildActionMask = 2147483647;
			files = (
			);
			runOnlyForDeploymentPostprocessing = 0;
		};
/* End PBXFrameworksBuildPhase section */

/* Begin PBXGroup section */
		744EB2C72783D31100F58EE1 = {
			isa = PBXGroup;
			children = (
				744EB3092783D34600F58EE1 /* README.md */,
				744EB2CC2783D31100F58EE1 /* Shared */,
				744EB2DB2783D31200F58EE1 /* macOS */,
				744EB2E42783D31200F58EE1 /* Tests iOS */,
				744EB2F02783D31200F58EE1 /* Tests macOS */,
				744EB2D52783D31200F58EE1 /* Products */,
			);
			sourceTree = "<group>";
		};
		744EB2CC2783D31100F58EE1 /* Shared */ = {
			isa = PBXGroup;
			children = (
				74D7756527853DEF0020006F /* Views */,
				74D7755A2784E5C80020006F /* Models */,
				744EB2CD2783D31100F58EE1 /* ios_hackernews_appApp.swift */,
				744EB2CF2783D31200F58EE1 /* Assets.xcassets */,
			);
			path = Shared;
			sourceTree = "<group>";
		};
		744EB2D52783D31200F58EE1 /* Products */ = {
			isa = PBXGroup;
			children = (
				744EB2D42783D31200F58EE1 /* ios-hackernews-app.app */,
				744EB2DA2783D31200F58EE1 /* ios-hackernews-app.app */,
				744EB2E12783D31200F58EE1 /* Tests iOS.xctest */,
				744EB2ED2783D31200F58EE1 /* Tests macOS.xctest */,
			);
			name = Products;
			sourceTree = "<group>";
		};
		744EB2DB2783D31200F58EE1 /* macOS */ = {
			isa = PBXGroup;
			children = (
				744EB2DC2783D31200F58EE1 /* macOS.entitlements */,
			);
			path = macOS;
			sourceTree = "<group>";
		};
		744EB2E42783D31200F58EE1 /* Tests iOS */ = {
			isa = PBXGroup;
			children = (
				744EB2E52783D31200F58EE1 /* Tests_iOS.swift */,
				744EB2E72783D31200F58EE1 /* Tests_iOSLaunchTests.swift */,
			);
			path = "Tests iOS";
			sourceTree = "<group>";
		};
		744EB2F02783D31200F58EE1 /* Tests macOS */ = {
			isa = PBXGroup;
			children = (
				744EB2F12783D31200F58EE1 /* Tests_macOS.swift */,
				744EB2F32783D31200F58EE1 /* Tests_macOSLaunchTests.swift */,
			);
			path = "Tests macOS";
			sourceTree = "<group>";
		};
		74D7755A2784E5C80020006F /* Models */ = {
			isa = PBXGroup;
			children = (
				74D7755B2784E5DE0020006F /* NetworkManager.swift */,
				74D77560278536DD0020006F /* Results.swift */,
			);
			path = Models;
			sourceTree = "<group>";
		};
		74D7756527853DEF0020006F /* Views */ = {
			isa = PBXGroup;
			children = (
				744EB2CE2783D31100F58EE1 /* ContentView.swift */,
				74D7757227853E6E0020006F /* DetailView.swift */,
			);
			path = Views;
			sourceTree = "<group>";
		};
/* End PBXGroup section */

/* Begin PBXNativeTarget section */
		744EB2D32783D31200F58EE1 /* ios-hackernews-app (iOS) */ = {
			isa = PBXNativeTarget;
			buildConfigurationList = 744EB2FD2783D31200F58EE1 /* Build configuration list for PBXNativeTarget "ios-hackernews-app (iOS)" */;
			buildPhases = (
				744EB2D02783D31200F58EE1 /* Sources */,
				744EB2D12783D31200F58EE1 /* Frameworks */,
				744EB2D22783D31200F58EE1 /* Resources */,
			);
			buildRules = (
			);
			dependencies = (
			);
			name = "ios-hackernews-app (iOS)";
			productName = "ios-hackernews-app (iOS)";
			productReference = 744EB2D42783D31200F58EE1 /* ios-hackernews-app.app */;
			productType = "com.apple.product-type.application";
		};
		744EB2D92783D31200F58EE1 /* ios-hackernews-app (macOS) */ = {
			isa = PBXNativeTarget;
			buildConfigurationList = 744EB3002783D31200F58EE1 /* Build configuration list for PBXNativeTarget "ios-hackernews-app (macOS)" */;
			buildPhases = (
				744EB2D62783D31200F58EE1 /* Sources */,
				744EB2D72783D31200F58EE1 /* Frameworks */,
				744EB2D82783D31200F58EE1 /* Resources */,
			);
			buildRules = (
			);
			dependencies = (
			);
			name = "ios-hackernews-app (macOS)";
			productName = "ios-hackernews-app (macOS)";
			productReference = 744EB2DA2783D31200F58EE1 /* ios-hackernews-app.app */;
			productType = "com.apple.product-type.application";
		};
		744EB2E02783D31200F58EE1 /* Tests iOS */ = {
			isa = PBXNativeTarget;
			buildConfigurationList = 744EB3032783D31200F58EE1 /* Build configuration list for PBXNativeTarget "Tests iOS" */;
			buildPhases = (
				744EB2DD2783D31200F58EE1 /* Sources */,
				744EB2DE2783D31200F58EE1 /* Frameworks */,
				744EB2DF2783D31200F58EE1 /* Resources */,
			);
			buildRules = (
			);
			dependencies = (
				744EB2E32783D31200F58EE1 /* PBXTargetDependency */,
			);
			name = "Tests iOS";
			productName = "Tests iOS";
			productReference = 744EB2E12783D31200F58EE1 /* Tests iOS.xctest */;
			productType = "com.apple.product-type.bundle.ui-testing";
		};
		744EB2EC2783D31200F58EE1 /* Tests macOS */ = {
			isa = PBXNativeTarget;
			buildConfigurationList = 744EB3062783D31200F58EE1 /* Build configuration list for PBXNativeTarget "Tests macOS" */;
			buildPhases = (
				744EB2E92783D31200F58EE1 /* Sources */,
				744EB2EA2783D31200F58EE1 /* Frameworks */,
				744EB2EB2783D31200F58EE1 /* Resources */,
			);
			buildRules = (
			);
			dependencies = (
				744EB2EF2783D31200F58EE1 /* PBXTargetDependency */,
			);
			name = "Tests macOS";
			productName = "Tests macOS";
			productReference = 744EB2ED2783D31200F58EE1 /* Tests macOS.xctest */;
			productType = "com.apple.product-type.bundle.ui-testing";
		};
/* End PBXNativeTarget section */

/* Begin PBXProject section */
		744EB2C82783D31100F58EE1 /* Project object */ = {
			isa = PBXProject;
			attributes = {
				BuildIndependentTargetsInParallel = 1;
				LastSwiftUpdateCheck = 1320;
				LastUpgradeCheck = 1320;
				TargetAttributes = {
					744EB2D32783D31200F58EE1 = {
						CreatedOnToolsVersion = 13.2.1;
					};
					744EB2D92783D31200F58EE1 = {
						CreatedOnToolsVersion = 13.2.1;
					};
					744EB2E02783D31200F58EE1 = {
						CreatedOnToolsVersion = 13.2.1;
						TestTargetID = 744EB2D32783D31200F58EE1;
					};
					744EB2EC2783D31200F58EE1 = {
						CreatedOnToolsVersion = 13.2.1;
						TestTargetID = 744EB2D92783D31200F58EE1;
					};
				};
			};
			buildConfigurationList = 744EB2CB2783D31100F58EE1 /* Build configuration list for PBXProject "ios-hackernews-app" */;
			compatibilityVersion = "Xcode 13.0";
			developmentRegion = en;
			hasScannedForEncodings = 0;
			knownRegions = (
				en,
				Base,
			);
			mainGroup = 744EB2C72783D31100F58EE1;
			productRefGroup = 744EB2D52783D31200F58EE1 /* Products */;
			projectDirPath = "";
			projectRoot = "";
			targets = (
				744EB2D32783D31200F58EE1 /* ios-hackernews-app (iOS) */,
				744EB2D92783D31200F58EE1 /* ios-hackernews-app (macOS) */,
				744EB2E02783D31200F58EE1 /* Tests iOS */,
				744EB2EC2783D31200F58EE1 /* Tests macOS */,
			);
		};
/* End PBXProject section */

/* Begin PBXResourcesBuildPhase section */
		744EB2D22783D31200F58EE1 /* Resources */ = {
			isa = PBXResourcesBuildPhase;
			buildActionMask = 2147483647;
			files = (
				744EB30A2783D34600F58EE1 /* README.md in Resources */,
				744EB2F92783D31200F58EE1 /* Assets.xcassets in Resources */,
			);
			runOnlyForDeploymentPostprocessing = 0;
		};
		744EB2D82783D31200F58EE1 /* Resources */ = {
			isa = PBXResourcesBuildPhase;
			buildActionMask = 2147483647;
			files = (
				744EB30B2783D34600F58EE1 /* README.md in Resources */,
				744EB2FA2783D31200F58EE1 /* Assets.xcassets in Resources */,
			);
			runOnlyForDeploymentPostprocessing = 0;
		};
		744EB2DF2783D31200F58EE1 /* Resources */ = {
			isa = PBXResourcesBuildPhase;
			buildActionMask = 2147483647;
			files = (
				744EB30C2783D34600F58EE1 /* README.md in Resources */,
			);
			runOnlyForDeploymentPostprocessing = 0;
		};
		744EB2EB2783D31200F58EE1 /* Resources */ = {
			isa = PBXResourcesBuildPhase;
			buildActionMask = 2147483647;
			files = (
				744EB30D2783D34600F58EE1 /* README.md in Resources */,
			);
			runOnlyForDeploymentPostprocessing = 0;
		};
/* End PBXResourcesBuildPhase section */

/* Begin PBXSourcesBuildPhase section */
		744EB2D02783D31200F58EE1 /* Sources */ = {
			isa = PBXSourcesBuildPhase;
			buildActionMask = 2147483647;
			files = (
				74D7755C2784E5DE0020006F /* NetworkManager.swift in Sources */,
				744EB2F72783D31200F58EE1 /* ContentView.swift in Sources */,
				74D77561278536DD0020006F /* Results.swift in Sources */,
				74D7757327853E6E0020006F /* DetailView.swift in Sources */,
				744EB2F52783D31200F58EE1 /* ios_hackernews_appApp.swift in Sources */,
			);
			runOnlyForDeploymentPostprocessing = 0;
		};
		744EB2D62783D31200F58EE1 /* Sources */ = {
			isa = PBXSourcesBuildPhase;
			buildActionMask = 2147483647;
			files = (
				74D7755D2784E5DE0020006F /* NetworkManager.swift in Sources */,
				744EB2F82783D31200F58EE1 /* ContentView.swift in Sources */,
				74D77562278536DD0020006F /* Results.swift in Sources */,
				74D7757427853E6E0020006F /* DetailView.swift in Sources */,
				744EB2F62783D31200F58EE1 /* ios_hackernews_appApp.swift in Sources */,
			);
			runOnlyForDeploymentPostprocessing = 0;
		};
		744EB2DD2783D31200F58EE1 /* Sources */ = {
			isa = PBXSourcesBuildPhase;
			buildActionMask = 2147483647;
			files = (
				74D7755E2784E5DE0020006F /* NetworkManager.swift in Sources */,
				74D7757527853E6E0020006F /* DetailView.swift in Sources */,
				744EB2E82783D31200F58EE1 /* Tests_iOSLaunchTests.swift in Sources */,
				74D7757027853E390020006F /* ContentView.swift in Sources */,
				74D77563278536DD0020006F /* Results.swift in Sources */,
				744EB2E62783D31200F58EE1 /* Tests_iOS.swift in Sources */,
			);
			runOnlyForDeploymentPostprocessing = 0;
		};
		744EB2E92783D31200F58EE1 /* Sources */ = {
			isa = PBXSourcesBuildPhase;
			buildActionMask = 2147483647;
			files = (
				74D7755F2784E5DE0020006F /* NetworkManager.swift in Sources */,
				74D7757627853E6E0020006F /* DetailView.swift in Sources */,
				744EB2F42783D31200F58EE1 /* Tests_macOSLaunchTests.swift in Sources */,
				74D7757127853E390020006F /* ContentView.swift in Sources */,
				74D77564278536DD0020006F /* Results.swift in Sources */,
				744EB2F22783D31200F58EE1 /* Tests_macOS.swift in Sources */,
			);
			runOnlyForDeploymentPostprocessing = 0;
		};
/* End PBXSourcesBuildPhase section */

/* Begin PBXTargetDependency section */
		744EB2E32783D31200F58EE1 /* PBXTargetDependency */ = {
			isa = PBXTargetDependency;
			target = 744EB2D32783D31200F58EE1 /* ios-hackernews-app (iOS) */;
			targetProxy = 744EB2E22783D31200F58EE1 /* PBXContainerItemProxy */;
		};
		744EB2EF2783D31200F58EE1 /* PBXTargetDependency */ = {
			isa = PBXTargetDependency;
			target = 744EB2D92783D31200F58EE1 /* ios-hackernews-app (macOS) */;
			targetProxy = 744EB2EE2783D31200F58EE1 /* PBXContainerItemProxy */;
		};
/* End PBXTargetDependency section */

/* Begin XCBuildConfiguration section */
		744EB2FB2783D31200F58EE1 /* Debug */ = {
			isa = XCBuildConfiguration;
			buildSettings = {
				ALWAYS_SEARCH_USER_PATHS = NO;
				CLANG_ANALYZER_NONNULL = YES;
				CLANG_ANALYZER_NUMBER_OBJECT_CONVERSION = YES_AGGRESSIVE;
				CLANG_CXX_LANGUAGE_STANDARD = "gnu++17";
				CLANG_CXX_LIBRARY = "libc++";
				CLANG_ENABLE_MODULES = YES;
				CLANG_ENABLE_OBJC_ARC = YES;
				CLANG_ENABLE_OBJC_WEAK = YES;
				CLANG_WARN_BLOCK_CAPTURE_AUTORELEASING = YES;
				CLANG_WARN_BOOL_CONVERSION = YES;
				CLANG_WARN_COMMA = YES;
				CLANG_WARN_CONSTANT_CONVERSION = YES;
				CLANG_WARN_DEPRECATED_OBJC_IMPLEMENTATIONS = YES;
				CLANG_WARN_DIRECT_OBJC_ISA_USAGE = YES_ERROR;
				CLANG_WARN_DOCUMENTATION_COMMENTS = YES;
				CLANG_WARN_EMPTY_BODY = YES;
				CLANG_WARN_ENUM_CONVERSION = YES;
				CLANG_WARN_INFINITE_RECURSION = YES;
				CLANG_WARN_INT_CONVERSION = YES;
				CLANG_WARN_NON_LITERAL_NULL_CONVERSION = YES;
				CLANG_WARN_OBJC_IMPLICIT_RETAIN_SELF = YES;
				CLANG_WARN_OBJC_LITERAL_CONVERSION = YES;
				CLANG_WARN_OBJC_ROOT_CLASS = YES_ERROR;
				CLANG_WARN_QUOTED_INCLUDE_IN_FRAMEWORK_HEADER = YES;
				CLANG_WARN_RANGE_LOOP_ANALYSIS = YES;
				CLANG_WARN_STRICT_PROTOTYPES = YES;
				CLANG_WARN_SUSPICIOUS_MOVE = YES;
				CLANG_WARN_UNGUARDED_AVAILABILITY = YES_AGGRESSIVE;
				CLANG_WARN_UNREACHABLE_CODE = YES;
				CLANG_WARN__DUPLICATE_METHOD_MATCH = YES;
				COPY_PHASE_STRIP = NO;
				DEBUG_INFORMATION_FORMAT = dwarf;
				ENABLE_STRICT_OBJC_MSGSEND = YES;
				ENABLE_TESTABILITY = YES;
				GCC_C_LANGUAGE_STANDARD = gnu11;
				GCC_DYNAMIC_NO_PIC = NO;
				GCC_NO_COMMON_BLOCKS = YES;
				GCC_OPTIMIZATION_LEVEL = 0;
				GCC_PREPROCESSOR_DEFINITIONS = (
					"DEBUG=1",
					"$(inherited)",
				);
				GCC_WARN_64_TO_32_BIT_CONVERSION = YES;
				GCC_WARN_ABOUT_RETURN_TYPE = YES_ERROR;
				GCC_WARN_UNDECLARED_SELECTOR = YES;
				GCC_WARN_UNINITIALIZED_AUTOS = YES_AGGRESSIVE;
				GCC_WARN_UNUSED_FUNCTION = YES;
				GCC_WARN_UNUSED_VARIABLE = YES;
				MTL_ENABLE_DEBUG_INFO = INCLUDE_SOURCE;
				MTL_FAST_MATH = YES;
				ONLY_ACTIVE_ARCH = YES;
				SWIFT_ACTIVE_COMPILATION_CONDITIONS = DEBUG;
				SWIFT_OPTIMIZATION_LEVEL = "-Onone";
			};
			name = Debug;
		};
		744EB2FC2783D31200F58EE1 /* Release */ = {
			isa = XCBuildConfiguration;
			buildSettings = {
				ALWAYS_SEARCH_USER_PATHS = NO;
				CLANG_ANALYZER_NONNULL = YES;
				CLANG_ANALYZER_NUMBER_OBJECT_CONVERSION = YES_AGGRESSIVE;
				CLANG_CXX_LANGUAGE_STANDARD = "gnu++17";
				CLANG_CXX_LIBRARY = "libc++";
				CLANG_ENABLE_MODULES = YES;
				CLANG_ENABLE_OBJC_ARC = YES;
				CLANG_ENABLE_OBJC_WEAK = YES;
				CLANG_WARN_BLOCK_CAPTURE_AUTORELEASING = YES;
				CLANG_WARN_BOOL_CONVERSION = YES;
				CLANG_WARN_COMMA = YES;
				CLANG_WARN_CONSTANT_CONVERSION = YES;
				CLANG_WARN_DEPRECATED_OBJC_IMPLEMENTATIONS = YES;
				CLANG_WARN_DIRECT_OBJC_ISA_USAGE = YES_ERROR;
				CLANG_WARN_DOCUMENTATION_COMMENTS = YES;
				CLANG_WARN_EMPTY_BODY = YES;
				CLANG_WARN_ENUM_CONVERSION = YES;
				CLANG_WARN_INFINITE_RECURSION = YES;
				CLANG_WARN_INT_CONVERSION = YES;
				CLANG_WARN_NON_LITERAL_NULL_CONVERSION = YES;
				CLANG_WARN_OBJC_IMPLICIT_RETAIN_SELF = YES;
				CLANG_WARN_OBJC_LITERAL_CONVERSION = YES;
				CLANG_WARN_OBJC_ROOT_CLASS = YES_ERROR;
				CLANG_WARN_QUOTED_INCLUDE_IN_FRAMEWORK_HEADER = YES;
				CLANG_WARN_RANGE_LOOP_ANALYSIS = YES;
				CLANG_WARN_STRICT_PROTOTYPES = YES;
				CLANG_WARN_SUSPICIOUS_MOVE = YES;
				CLANG_WARN_UNGUARDED_AVAILABILITY = YES_AGGRESSIVE;
				CLANG_WARN_UNREACHABLE_CODE = YES;
				CLANG_WARN__DUPLICATE_METHOD_MATCH = YES;
				COPY_PHASE_STRIP = NO;
				DEBUG_INFORMATION_FORMAT = "dwarf-with-dsym";
				ENABLE_NS_ASSERTIONS = NO;
				ENABLE_STRICT_OBJC_MSGSEND = YES;
				GCC_C_LANGUAGE_STANDARD = gnu11;
				GCC_NO_COMMON_BLOCKS = YES;
				GCC_WARN_64_TO_32_BIT_CONVERSION = YES;
				GCC_WARN_ABOUT_RETURN_TYPE = YES_ERROR;
				GCC_WARN_UNDECLARED_SELECTOR = YES;
				GCC_WARN_UNINITIALIZED_AUTOS = YES_AGGRESSIVE;
				GCC_WARN_UNUSED_FUNCTION = YES;
				GCC_WARN_UNUSED_VARIABLE = YES;
				MTL_ENABLE_DEBUG_INFO = NO;
				MTL_FAST_MATH = YES;
				SWIFT_COMPILATION_MODE = wholemodule;
				SWIFT_OPTIMIZATION_LEVEL = "-O";
			};
			name = Release;
		};
		744EB2FE2783D31200F58EE1 /* Debug */ = {
			isa = XCBuildConfiguration;
			buildSettings = {
				ASSETCATALOG_COMPILER_APPICON_NAME = AppIcon;
				ASSETCATALOG_COMPILER_GLOBAL_ACCENT_COLOR_NAME = AccentColor;
				CODE_SIGN_STYLE = Automatic;
				CURRENT_PROJECT_VERSION = 1;
				DEVELOPMENT_TEAM = XR495W2MZF;
				ENABLE_PREVIEWS = YES;
				GENERATE_INFOPLIST_FILE = YES;
				INFOPLIST_KEY_UIApplicationSceneManifest_Generation = YES;
				INFOPLIST_KEY_UIApplicationSupportsIndirectInputEvents = YES;
				INFOPLIST_KEY_UILaunchScreen_Generation = YES;
				INFOPLIST_KEY_UISupportedInterfaceOrientations_iPad = "UIInterfaceOrientationPortrait UIInterfaceOrientationPortraitUpsideDown UIInterfaceOrientationLandscapeLeft UIInterfaceOrientationLandscapeRight";
				INFOPLIST_KEY_UISupportedInterfaceOrientations_iPhone = "UIInterfaceOrientationPortrait UIInterfaceOrientationLandscapeLeft UIInterfaceOrientationLandscapeRight";
				IPHONEOS_DEPLOYMENT_TARGET = 15.2;
				LD_RUNPATH_SEARCH_PATHS = (
					"$(inherited)",
					"@executable_path/Frameworks",
				);
				MARKETING_VERSION = 1.0;
				PRODUCT_BUNDLE_IDENTIFIER = "vaishu.ios-hackernews-app";
				PRODUCT_NAME = "ios-hackernews-app";
				SDKROOT = iphoneos;
				SWIFT_EMIT_LOC_STRINGS = YES;
				SWIFT_VERSION = 5.0;
				TARGETED_DEVICE_FAMILY = "1,2";
			};
			name = Debug;
		};
		744EB2FF2783D31200F58EE1 /* Release */ = {
			isa = XCBuildConfiguration;
			buildSettings = {
				ASSETCATALOG_COMPILER_APPICON_NAME = AppIcon;
				ASSETCATALOG_COMPILER_GLOBAL_ACCENT_COLOR_NAME = AccentColor;
				CODE_SIGN_STYLE = Automatic;
				CURRENT_PROJECT_VERSION = 1;
				DEVELOPMENT_TEAM = XR495W2MZF;
				ENABLE_PREVIEWS = YES;
				GENERATE_INFOPLIST_FILE = YES;
				INFOPLIST_KEY_UIApplicationSceneManifest_Generation = YES;
				INFOPLIST_KEY_UIApplicationSupportsIndirectInputEvents = YES;
				INFOPLIST_KEY_UILaunchScreen_Generation = YES;
				INFOPLIST_KEY_UISupportedInterfaceOrientations_iPad = "UIInterfaceOrientationPortrait UIInterfaceOrientationPortraitUpsideDown UIInterfaceOrientationLandscapeLeft UIInterfaceOrientationLandscapeRight";
				INFOPLIST_KEY_UISupportedInterfaceOrientations_iPhone = "UIInterfaceOrientationPortrait UIInterfaceOrientationLandscapeLeft UIInterfaceOrientationLandscapeRight";
				IPHONEOS_DEPLOYMENT_TARGET = 15.2;
				LD_RUNPATH_SEARCH_PATHS = (
					"$(inherited)",
					"@executable_path/Frameworks",
				);
				MARKETING_VERSION = 1.0;
				PRODUCT_BUNDLE_IDENTIFIER = "vaishu.ios-hackernews-app";
				PRODUCT_NAME = "ios-hackernews-app";
				SDKROOT = iphoneos;
				SWIFT_EMIT_LOC_STRINGS = YES;
				SWIFT_VERSION = 5.0;
				TARGETED_DEVICE_FAMILY = "1,2";
				VALIDATE_PRODUCT = YES;
			};
			name = Release;
		};
		744EB3012783D31200F58EE1 /* Debug */ = {
			isa = XCBuildConfiguration;
			buildSettings = {
				ASSETCATALOG_COMPILER_APPICON_NAME = AppIcon;
				ASSETCATALOG_COMPILER_GLOBAL_ACCENT_COLOR_NAME = AccentColor;
				CODE_SIGN_ENTITLEMENTS = macOS/macOS.entitlements;
				CODE_SIGN_STYLE = Automatic;
				COMBINE_HIDPI_IMAGES = YES;
				CURRENT_PROJECT_VERSION = 1;
				DEVELOPMENT_TEAM = XR495W2MZF;
				ENABLE_HARDENED_RUNTIME = YES;
				ENABLE_PREVIEWS = YES;
				GENERATE_INFOPLIST_FILE = YES;
				INFOPLIST_KEY_NSHumanReadableCopyright = "";
				LD_RUNPATH_SEARCH_PATHS = (
					"$(inherited)",
					"@executable_path/../Frameworks",
				);
				MACOSX_DEPLOYMENT_TARGET = 12.1;
				MARKETING_VERSION = 1.0;
				PRODUCT_BUNDLE_IDENTIFIER = "vaishu.ios-hackernews-app";
				PRODUCT_NAME = "ios-hackernews-app";
				SDKROOT = macosx;
				SWIFT_EMIT_LOC_STRINGS = YES;
				SWIFT_VERSION = 5.0;
			};
			name = Debug;
		};
		744EB3022783D31200F58EE1 /* Release */ = {
			isa = XCBuildConfiguration;
			buildSettings = {
				ASSETCATALOG_COMPILER_APPICON_NAME = AppIcon;
				ASSETCATALOG_COMPILER_GLOBAL_ACCENT_COLOR_NAME = AccentColor;
				CODE_SIGN_ENTITLEMENTS = macOS/macOS.entitlements;
				CODE_SIGN_STYLE = Automatic;
				COMBINE_HIDPI_IMAGES = YES;
				CURRENT_PROJECT_VERSION = 1;
				DEVELOPMENT_TEAM = XR495W2MZF;
				ENABLE_HARDENED_RUNTIME = YES;
				ENABLE_PREVIEWS = YES;
				GENERATE_INFOPLIST_FILE = YES;
				INFOPLIST_KEY_NSHumanReadableCopyright = "";
				LD_RUNPATH_SEARCH_PATHS = (
					"$(inherited)",
					"@executable_path/../Frameworks",
				);
				MACOSX_DEPLOYMENT_TARGET = 12.1;
				MARKETING_VERSION = 1.0;
				PRODUCT_BUNDLE_IDENTIFIER = "vaishu.ios-hackernews-app";
				PRODUCT_NAME = "ios-hackernews-app";
				SDKROOT = macosx;
				SWIFT_EMIT_LOC_STRINGS = YES;
				SWIFT_VERSION = 5.0;
			};
			name = Release;
		};
		744EB3042783D31200F58EE1 /* Debug */ = {
			isa = XCBuildConfiguration;
			buildSettings = {
				ALWAYS_EMBED_SWIFT_STANDARD_LIBRARIES = YES;
				CODE_SIGN_STYLE = Automatic;
				CURRENT_PROJECT_VERSION = 1;
				DEVELOPMENT_TEAM = XR495W2MZF;
				GENERATE_INFOPLIST_FILE = YES;
				IPHONEOS_DEPLOYMENT_TARGET = 15.2;
				MARKETING_VERSION = 1.0;
				PRODUCT_BUNDLE_IDENTIFIER = "vaishu.Tests-iOS";
				PRODUCT_NAME = "$(TARGET_NAME)";
				SDKROOT = iphoneos;
				SWIFT_EMIT_LOC_STRINGS = NO;
				SWIFT_VERSION = 5.0;
				TARGETED_DEVICE_FAMILY = "1,2";
				TEST_TARGET_NAME = "ios-hackernews-app (iOS)";
			};
			name = Debug;
		};
		744EB3052783D31200F58EE1 /* Release */ = {
			isa = XCBuildConfiguration;
			buildSettings = {
				ALWAYS_EMBED_SWIFT_STANDARD_LIBRARIES = YES;
				CODE_SIGN_STYLE = Automatic;
				CURRENT_PROJECT_VERSION = 1;
				DEVELOPMENT_TEAM = XR495W2MZF;
				GENERATE_INFOPLIST_FILE = YES;
				IPHONEOS_DEPLOYMENT_TARGET = 15.2;
				MARKETING_VERSION = 1.0;
				PRODUCT_BUNDLE_IDENTIFIER = "vaishu.Tests-iOS";
				PRODUCT_NAME = "$(TARGET_NAME)";
				SDKROOT = iphoneos;
				SWIFT_EMIT_LOC_STRINGS = NO;
				SWIFT_VERSION = 5.0;
				TARGETED_DEVICE_FAMILY = "1,2";
				TEST_TARGET_NAME = "ios-hackernews-app (iOS)";
				VALIDATE_PRODUCT = YES;
			};
			name = Release;
		};
		744EB3072783D31200F58EE1 /* Debug */ = {
			isa = XCBuildConfiguration;
			buildSettings = {
				ALWAYS_EMBED_SWIFT_STANDARD_LIBRARIES = YES;
				CODE_SIGN_STYLE = Automatic;
				CURRENT_PROJECT_VERSION = 1;
				DEVELOPMENT_TEAM = XR495W2MZF;
				GENERATE_INFOPLIST_FILE = YES;
				MACOSX_DEPLOYMENT_TARGET = 12.1;
				MARKETING_VERSION = 1.0;
				PRODUCT_BUNDLE_IDENTIFIER = "vaishu.Tests-macOS";
				PRODUCT_NAME = "$(TARGET_NAME)";
				SDKROOT = macosx;
				SWIFT_EMIT_LOC_STRINGS = NO;
				SWIFT_VERSION = 5.0;
				TEST_TARGET_NAME = "ios-hackernews-app (macOS)";
			};
			name = Debug;
		};
		744EB3082783D31200F58EE1 /* Release */ = {
			isa = XCBuildConfiguration;
			buildSettings = {
				ALWAYS_EMBED_SWIFT_STANDARD_LIBRARIES = YES;
				CODE_SIGN_STYLE = Automatic;
				CURRENT_PROJECT_VERSION = 1;
				DEVELOPMENT_TEAM = XR495W2MZF;
				GENERATE_INFOPLIST_FILE = YES;
				MACOSX_DEPLOYMENT_TARGET = 12.1;
				MARKETING_VERSION = 1.0;
				PRODUCT_BUNDLE_IDENTIFIER = "vaishu.Tests-macOS";
				PRODUCT_NAME = "$(TARGET_NAME)";
				SDKROOT = macosx;
				SWIFT_EMIT_LOC_STRINGS = NO;
				SWIFT_VERSION = 5.0;
				TEST_TARGET_NAME = "ios-hackernews-app (macOS)";
			};
			name = Release;
		};
/* End XCBuildConfiguration section */

/* Begin XCConfigurationList section */
		744EB2CB2783D31100F58EE1 /* Build configuration list for PBXProject "ios-hackernews-app" */ = {
			isa = XCConfigurationList;
			buildConfigurations = (
				744EB2FB2783D31200F58EE1 /* Debug */,
				744EB2FC2783D31200F58EE1 /* Release */,
			);
			defaultConfigurationIsVisible = 0;
			defaultConfigurationName = Release;
		};
		744EB2FD2783D31200F58EE1 /* Build configuration list for PBXNativeTarget "ios-hackernews-app (iOS)" */ = {
			isa = XCConfigurationList;
			buildConfigurations = (
				744EB2FE2783D31200F58EE1 /* Debug */,
				744EB2FF2783D31200F58EE1 /* Release */,
			);
			defaultConfigurationIsVisible = 0;
			defaultConfigurationName = Release;
		};
		744EB3002783D31200F58EE1 /* Build configuration list for PBXNativeTarget "ios-hackernews-app (macOS)" */ = {
			isa = XCConfigurationList;
			buildConfigurations = (
				744EB3012783D31200F58EE1 /* Debug */,
				744EB3022783D31200F58EE1 /* Release */,
			);
			defaultConfigurationIsVisible = 0;
			defaultConfigurationName = Release;
		};
		744EB3032783D31200F58EE1 /* Build configuration list for PBXNativeTarget "Tests iOS" */ = {
			isa = XCConfigurationList;
			buildConfigurations = (
				744EB3042783D31200F58EE1 /* Debug */,
				744EB3052783D31200F58EE1 /* Release */,
			);
			defaultConfigurationIsVisible = 0;
			defaultConfigurationName = Release;
		};
		744EB3062783D31200F58EE1 /* Build configuration list for PBXNativeTarget "Tests macOS" */ = {
			isa = XCConfigurationList;
			buildConfigurations = (
				744EB3072783D31200F58EE1 /* Debug */,
				744EB3082783D31200F58EE1 /* Release */,
			);
			defaultConfigurationIsVisible = 0;
			defaultConfigurationName = Release;
		};
/* End XCConfigurationList section */
	};
	rootObject = 744EB2C82783D31100F58EE1 /* Project object */;
}
